// !$*UTF8*$!
{
	archiveVersion = 1;
	classes = {
	};
	objectVersion = 56;
	objects = {

/* Begin PBXBuildFile section */
		63D6304A2C417BF600AD83F2 /* AppDelegate.swift in Sources */ = {isa = PBXBuildFile; fileRef = 63D630492C417BF600AD83F2 /* AppDelegate.swift */; };
		63D6304C2C417BF600AD83F2 /* SceneDelegate.swift in Sources */ = {isa = PBXBuildFile; fileRef = 63D6304B2C417BF600AD83F2 /* SceneDelegate.swift */; };
		63D6304E2C417BF600AD83F2 /* GeneralViewController.swift in Sources */ = {isa = PBXBuildFile; fileRef = 63D6304D2C417BF600AD83F2 /* GeneralViewController.swift */; };
		63D630512C417BF600AD83F2 /* Base in Resources */ = {isa = PBXBuildFile; fileRef = 63D630502C417BF600AD83F2 /* Base */; };
		63D630532C417BF700AD83F2 /* Assets.xcassets in Resources */ = {isa = PBXBuildFile; fileRef = 63D630522C417BF700AD83F2 /* Assets.xcassets */; };
		63D630562C417BF700AD83F2 /* Base in Resources */ = {isa = PBXBuildFile; fileRef = 63D630552C417BF700AD83F2 /* Base */; };
		63D6305E2C417C7D00AD83F2 /* Podfile in Resources */ = {isa = PBXBuildFile; fileRef = 63D6305D2C417C7D00AD83F2 /* Podfile */; };
		63D630612C417D9200AD83F2 /* PurchaseObject.swift in Sources */ = {isa = PBXBuildFile; fileRef = 63D630602C417D9200AD83F2 /* PurchaseObject.swift */; };
		AE337083733950EF533461E1 /* Pods_PurchaceApp.framework in Frameworks */ = {isa = PBXBuildFile; fileRef = 129CFB82A1B27DBD6D52AEEC /* Pods_PurchaceApp.framework */; };
/* End PBXBuildFile section */

/* Begin PBXFileReference section */
		129CFB82A1B27DBD6D52AEEC /* Pods_PurchaceApp.framework */ = {isa = PBXFileReference; explicitFileType = wrapper.framework; includeInIndex = 0; path = Pods_PurchaceApp.framework; sourceTree = BUILT_PRODUCTS_DIR; };
		63D630462C417BF600AD83F2 /* PurchaceApp.app */ = {isa = PBXFileReference; explicitFileType = wrapper.application; includeInIndex = 0; path = PurchaceApp.app; sourceTree = BUILT_PRODUCTS_DIR; };
		63D630492C417BF600AD83F2 /* AppDelegate.swift */ = {isa = PBXFileReference; lastKnownFileType = sourcecode.swift; path = AppDelegate.swift; sourceTree = "<group>"; };
		63D6304B2C417BF600AD83F2 /* SceneDelegate.swift */ = {isa = PBXFileReference; lastKnownFileType = sourcecode.swift; path = SceneDelegate.swift; sourceTree = "<group>"; };
		63D6304D2C417BF600AD83F2 /* GeneralViewController.swift */ = {isa = PBXFileReference; lastKnownFileType = sourcecode.swift; path = GeneralViewController.swift; sourceTree = "<group>"; };
		63D630502C417BF600AD83F2 /* Base */ = {isa = PBXFileReference; lastKnownFileType = file.storyboard; name = Base; path = Base.lproj/Main.storyboard; sourceTree = "<group>"; };
		63D630522C417BF700AD83F2 /* Assets.xcassets */ = {isa = PBXFileReference; lastKnownFileType = folder.assetcatalog; path = Assets.xcassets; sourceTree = "<group>"; };
		63D630552C417BF700AD83F2 /* Base */ = {isa = PBXFileReference; lastKnownFileType = file.storyboard; name = Base; path = Base.lproj/LaunchScreen.storyboard; sourceTree = "<group>"; };
		63D630572C417BF700AD83F2 /* Info.plist */ = {isa = PBXFileReference; lastKnownFileType = text.plist.xml; path = Info.plist; sourceTree = "<group>"; };
		63D6305D2C417C7D00AD83F2 /* Podfile */ = {isa = PBXFileReference; fileEncoding = 4; lastKnownFileType = text; path = Podfile; sourceTree = "<group>"; };
		63D630602C417D9200AD83F2 /* PurchaseObject.swift */ = {isa = PBXFileReference; lastKnownFileType = sourcecode.swift; path = PurchaseObject.swift; sourceTree = "<group>"; };
		8B7F3F744FF830907C9CB394 /* Pods-PurchaceApp.release.xcconfig */ = {isa = PBXFileReference; includeInIndex = 1; lastKnownFileType = text.xcconfig; name = "Pods-PurchaceApp.release.xcconfig"; path = "Target Support Files/Pods-PurchaceApp/Pods-PurchaceApp.release.xcconfig"; sourceTree = "<group>"; };
		CCD7033515E9DE2E559FE658 /* Pods-PurchaceApp.debug.xcconfig */ = {isa = PBXFileReference; includeInIndex = 1; lastKnownFileType = text.xcconfig; name = "Pods-PurchaceApp.debug.xcconfig"; path = "Target Support Files/Pods-PurchaceApp/Pods-PurchaceApp.debug.xcconfig"; sourceTree = "<group>"; };
/* End PBXFileReference section */

/* Begin PBXFrameworksBuildPhase section */
		63D630432C417BF600AD83F2 /* Frameworks */ = {
			isa = PBXFrameworksBuildPhase;
			buildActionMask = 2147483647;
			files = (
				AE337083733950EF533461E1 /* Pods_PurchaceApp.framework in Frameworks */,
			);
			runOnlyForDeploymentPostprocessing = 0;
		};
/* End PBXFrameworksBuildPhase section */

/* Begin PBXGroup section */
		63D6303D2C417BF600AD83F2 = {
			isa = PBXGroup;
			children = (
				63D6305D2C417C7D00AD83F2 /* Podfile */,
				63D630482C417BF600AD83F2 /* PurchaceApp */,
				63D630472C417BF600AD83F2 /* Products */,
				C58EE83511C929484B6E4E96 /* Pods */,
				78AD12039C49FB4FDFE7B33B /* Frameworks */,
			);
			sourceTree = "<group>";
		};
		63D630472C417BF600AD83F2 /* Products */ = {
			isa = PBXGroup;
			children = (
				63D630462C417BF600AD83F2 /* PurchaceApp.app */,
			);
			name = Products;
			sourceTree = "<group>";
		};
		63D630482C417BF600AD83F2 /* PurchaceApp */ = {
			isa = PBXGroup;
			children = (
				63D630622C417F4000AD83F2 /* Views */,
				63D6305F2C417D8100AD83F2 /* RealmHelper */,
				63D630492C417BF600AD83F2 /* AppDelegate.swift */,
				63D6304B2C417BF600AD83F2 /* SceneDelegate.swift */,
				63D6304F2C417BF600AD83F2 /* Main.storyboard */,
				63D630522C417BF700AD83F2 /* Assets.xcassets */,
				63D630542C417BF700AD83F2 /* LaunchScreen.storyboard */,
				63D630572C417BF700AD83F2 /* Info.plist */,
			);
			path = PurchaceApp;
			sourceTree = "<group>";
		};
		63D6305F2C417D8100AD83F2 /* RealmHelper */ = {
			isa = PBXGroup;
			children = (
				63D630602C417D9200AD83F2 /* PurchaseObject.swift */,
			);
			path = RealmHelper;
			sourceTree = "<group>";
		};
		63D630622C417F4000AD83F2 /* Views */ = {
			isa = PBXGroup;
			children = (
				63D6304D2C417BF600AD83F2 /* GeneralViewController.swift */,
			);
			path = Views;
			sourceTree = "<group>";
		};
		78AD12039C49FB4FDFE7B33B /* Frameworks */ = {
			isa = PBXGroup;
			children = (
				129CFB82A1B27DBD6D52AEEC /* Pods_PurchaceApp.framework */,
			);
			name = Frameworks;
			sourceTree = "<group>";
		};
		C58EE83511C929484B6E4E96 /* Pods */ = {
			isa = PBXGroup;
			children = (
				CCD7033515E9DE2E559FE658 /* Pods-PurchaceApp.debug.xcconfig */,
				8B7F3F744FF830907C9CB394 /* Pods-PurchaceApp.release.xcconfig */,
			);
			path = Pods;
			sourceTree = "<group>";
		};
/* End PBXGroup section */

/* Begin PBXNativeTarget section */
		63D630452C417BF600AD83F2 /* PurchaceApp */ = {
			isa = PBXNativeTarget;
			buildConfigurationList = 63D6305A2C417BF700AD83F2 /* Build configuration list for PBXNativeTarget "PurchaceApp" */;
			buildPhases = (
				F454CDFC9162F235682D9B7E /* [CP] Check Pods Manifest.lock */,
				63D630422C417BF600AD83F2 /* Sources */,
				63D630432C417BF600AD83F2 /* Frameworks */,
				63D630442C417BF600AD83F2 /* Resources */,
				89A6748C18BB6C1026ED29C4 /* [CP] Embed Pods Frameworks */,
			);
			buildRules = (
			);
			dependencies = (
			);
			name = PurchaceApp;
			productName = PurchaceApp;
			productReference = 63D630462C417BF600AD83F2 /* PurchaceApp.app */;
			productType = "com.apple.product-type.application";
		};
/* End PBXNativeTarget section */

/* Begin PBXProject section */
		63D6303E2C417BF600AD83F2 /* Project object */ = {
			isa = PBXProject;
			attributes = {
				BuildIndependentTargetsInParallel = 1;
				LastSwiftUpdateCheck = 1530;
				LastUpgradeCheck = 1530;
				TargetAttributes = {
					63D630452C417BF600AD83F2 = {
						CreatedOnToolsVersion = 15.3;
					};
				};
			};
			buildConfigurationList = 63D630412C417BF600AD83F2 /* Build configuration list for PBXProject "PurchaceApp" */;
			compatibilityVersion = "Xcode 14.0";
			developmentRegion = en;
			hasScannedForEncodings = 0;
			knownRegions = (
				en,
				Base,
			);
			mainGroup = 63D6303D2C417BF600AD83F2;
			productRefGroup = 63D630472C417BF600AD83F2 /* Products */;
			projectDirPath = "";
			projectRoot = "";
			targets = (
				63D630452C417BF600AD83F2 /* PurchaceApp */,
			);
		};
/* End PBXProject section */

/* Begin PBXResourcesBuildPhase section */
		63D630442C417BF600AD83F2 /* Resources */ = {
			isa = PBXResourcesBuildPhase;
			buildActionMask = 2147483647;
			files = (
				63D630532C417BF700AD83F2 /* Assets.xcassets in Resources */,
				63D630562C417BF700AD83F2 /* Base in Resources */,
				63D6305E2C417C7D00AD83F2 /* Podfile in Resources */,
				63D630512C417BF600AD83F2 /* Base in Resources */,
			);
			runOnlyForDeploymentPostprocessing = 0;
		};
/* End PBXResourcesBuildPhase section */

/* Begin PBXShellScriptBuildPhase section */
		89A6748C18BB6C1026ED29C4 /* [CP] Embed Pods Frameworks */ = {
			isa = PBXShellScriptBuildPhase;
			buildActionMask = 2147483647;
			files = (
			);
			inputFileListPaths = (
				"${PODS_ROOT}/Target Support Files/Pods-PurchaceApp/Pods-PurchaceApp-frameworks-${CONFIGURATION}-input-files.xcfilelist",
			);
			name = "[CP] Embed Pods Frameworks";
			outputFileListPaths = (
				"${PODS_ROOT}/Target Support Files/Pods-PurchaceApp/Pods-PurchaceApp-frameworks-${CONFIGURATION}-output-files.xcfilelist",
			);
			runOnlyForDeploymentPostprocessing = 0;
			shellPath = /bin/sh;
			shellScript = "\"${PODS_ROOT}/Target Support Files/Pods-PurchaceApp/Pods-PurchaceApp-frameworks.sh\"\n";
			showEnvVarsInLog = 0;
		};
		F454CDFC9162F235682D9B7E /* [CP] Check Pods Manifest.lock */ = {
			isa = PBXShellScriptBuildPhase;
			buildActionMask = 2147483647;
			files = (
			);
			inputFileListPaths = (
			);
			inputPaths = (
				"${PODS_PODFILE_DIR_PATH}/Podfile.lock",
				"${PODS_ROOT}/Manifest.lock",
			);
			name = "[CP] Check Pods Manifest.lock";
			outputFileListPaths = (
			);
			outputPaths = (
				"$(DERIVED_FILE_DIR)/Pods-PurchaceApp-checkManifestLockResult.txt",
			);
			runOnlyForDeploymentPostprocessing = 0;
			shellPath = /bin/sh;
			shellScript = "diff \"${PODS_PODFILE_DIR_PATH}/Podfile.lock\" \"${PODS_ROOT}/Manifest.lock\" > /dev/null\nif [ $? != 0 ] ; then\n    # print error to STDERR\n    echo \"error: The sandbox is not in sync with the Podfile.lock. Run 'pod install' or update your CocoaPods installation.\" >&2\n    exit 1\nfi\n# This output is used by Xcode 'outputs' to avoid re-running this script phase.\necho \"SUCCESS\" > \"${SCRIPT_OUTPUT_FILE_0}\"\n";
			showEnvVarsInLog = 0;
		};
/* End PBXShellScriptBuildPhase section */

/* Begin PBXSourcesBuildPhase section */
		63D630422C417BF600AD83F2 /* Sources */ = {
			isa = PBXSourcesBuildPhase;
			buildActionMask = 2147483647;
			files = (
				63D6304E2C417BF600AD83F2 /* GeneralViewController.swift in Sources */,
				63D630612C417D9200AD83F2 /* PurchaseObject.swift in Sources */,
				63D6304A2C417BF600AD83F2 /* AppDelegate.swift in Sources */,
				63D6304C2C417BF600AD83F2 /* SceneDelegate.swift in Sources */,
			);
			runOnlyForDeploymentPostprocessing = 0;
		};
/* End PBXSourcesBuildPhase section */

/* Begin PBXVariantGroup section */
		63D6304F2C417BF600AD83F2 /* Main.storyboard */ = {
			isa = PBXVariantGroup;
			children = (
				63D630502C417BF600AD83F2 /* Base */,
			);
			name = Main.storyboard;
			sourceTree = "<group>";
		};
		63D630542C417BF700AD83F2 /* LaunchScreen.storyboard */ = {
			isa = PBXVariantGroup;
			children = (
				63D630552C417BF700AD83F2 /* Base */,
			);
			name = LaunchScreen.storyboard;
			sourceTree = "<group>";
		};
/* End PBXVariantGroup section */

/* Begin XCBuildConfiguration section */
		63D630582C417BF700AD83F2 /* Debug */ = {
			isa = XCBuildConfiguration;
			buildSettings = {
				ALWAYS_SEARCH_USER_PATHS = NO;
				ASSETCATALOG_COMPILER_GENERATE_SWIFT_ASSET_SYMBOL_EXTENSIONS = YES;
				CLANG_ANALYZER_NONNULL = YES;
				CLANG_ANALYZER_NUMBER_OBJECT_CONVERSION = YES_AGGRESSIVE;
				CLANG_CXX_LANGUAGE_STANDARD = "gnu++20";
				CLANG_ENABLE_MODULES = YES;
				CLANG_ENABLE_OBJC_ARC = YES;
				CLANG_ENABLE_OBJC_WEAK = YES;
				CLANG_WARN_BLOCK_CAPTURE_AUTORELEASING = YES;
				CLANG_WARN_BOOL_CONVERSION = YES;
				CLANG_WARN_COMMA = YES;
				CLANG_WARN_CONSTANT_CONVERSION = YES;
				CLANG_WARN_DEPRECATED_OBJC_IMPLEMENTATIONS = YES;
				CLANG_WARN_DIRECT_OBJC_ISA_USAGE = YES_ERROR;
				CLANG_WARN_DOCUMENTATION_COMMENTS = YES;
				CLANG_WARN_EMPTY_BODY = YES;
				CLANG_WARN_ENUM_CONVERSION = YES;
				CLANG_WARN_INFINITE_RECURSION = YES;
				CLANG_WARN_INT_CONVERSION = YES;
				CLANG_WARN_NON_LITERAL_NULL_CONVERSION = YES;
				CLANG_WARN_OBJC_IMPLICIT_RETAIN_SELF = YES;
				CLANG_WARN_OBJC_LITERAL_CONVERSION = YES;
				CLANG_WARN_OBJC_ROOT_CLASS = YES_ERROR;
				CLANG_WARN_QUOTED_INCLUDE_IN_FRAMEWORK_HEADER = YES;
				CLANG_WARN_RANGE_LOOP_ANALYSIS = YES;
				CLANG_WARN_STRICT_PROTOTYPES = YES;
				CLANG_WARN_SUSPICIOUS_MOVE = YES;
				CLANG_WARN_UNGUARDED_AVAILABILITY = YES_AGGRESSIVE;
				CLANG_WARN_UNREACHABLE_CODE = YES;
				CLANG_WARN__DUPLICATE_METHOD_MATCH = YES;
				COPY_PHASE_STRIP = NO;
				DEBUG_INFORMATION_FORMAT = dwarf;
				ENABLE_STRICT_OBJC_MSGSEND = YES;
				ENABLE_TESTABILITY = YES;
				ENABLE_USER_SCRIPT_SANDBOXING = YES;
				GCC_C_LANGUAGE_STANDARD = gnu17;
				GCC_DYNAMIC_NO_PIC = NO;
				GCC_NO_COMMON_BLOCKS = YES;
				GCC_OPTIMIZATION_LEVEL = 0;
				GCC_PREPROCESSOR_DEFINITIONS = (
					"DEBUG=1",
					"$(inherited)",
				);
				GCC_WARN_64_TO_32_BIT_CONVERSION = YES;
				GCC_WARN_ABOUT_RETURN_TYPE = YES_ERROR;
				GCC_WARN_UNDECLARED_SELECTOR = YES;
				GCC_WARN_UNINITIALIZED_AUTOS = YES_AGGRESSIVE;
				GCC_WARN_UNUSED_FUNCTION = YES;
				GCC_WARN_UNUSED_VARIABLE = YES;
				IPHONEOS_DEPLOYMENT_TARGET = 17.4;
				LOCALIZATION_PREFERS_STRING_CATALOGS = YES;
				MTL_ENABLE_DEBUG_INFO = INCLUDE_SOURCE;
				MTL_FAST_MATH = YES;
				ONLY_ACTIVE_ARCH = YES;
				SDKROOT = iphoneos;
				SWIFT_ACTIVE_COMPILATION_CONDITIONS = "DEBUG $(inherited)";
				SWIFT_OPTIMIZATION_LEVEL = "-Onone";
			};
			name = Debug;
		};
		63D630592C417BF700AD83F2 /* Release */ = {
			isa = XCBuildConfiguration;
			buildSettings = {
				ALWAYS_SEARCH_USER_PATHS = NO;
				ASSETCATALOG_COMPILER_GENERATE_SWIFT_ASSET_SYMBOL_EXTENSIONS = YES;
				CLANG_ANALYZER_NONNULL = YES;
				CLANG_ANALYZER_NUMBER_OBJECT_CONVERSION = YES_AGGRESSIVE;
				CLANG_CXX_LANGUAGE_STANDARD = "gnu++20";
				CLANG_ENABLE_MODULES = YES;
				CLANG_ENABLE_OBJC_ARC = YES;
				CLANG_ENABLE_OBJC_WEAK = YES;
				CLANG_WARN_BLOCK_CAPTURE_AUTORELEASING = YES;
				CLANG_WARN_BOOL_CONVERSION = YES;
				CLANG_WARN_COMMA = YES;
				CLANG_WARN_CONSTANT_CONVERSION = YES;
				CLANG_WARN_DEPRECATED_OBJC_IMPLEMENTATIONS = YES;
				CLANG_WARN_DIRECT_OBJC_ISA_USAGE = YES_ERROR;
				CLANG_WARN_DOCUMENTATION_COMMENTS = YES;
				CLANG_WARN_EMPTY_BODY = YES;
				CLANG_WARN_ENUM_CONVERSION = YES;
				CLANG_WARN_INFINITE_RECURSION = YES;
				CLANG_WARN_INT_CONVERSION = YES;
				CLANG_WARN_NON_LITERAL_NULL_CONVERSION = YES;
				CLANG_WARN_OBJC_IMPLICIT_RETAIN_SELF = YES;
				CLANG_WARN_OBJC_LITERAL_CONVERSION = YES;
				CLANG_WARN_OBJC_ROOT_CLASS = YES_ERROR;
				CLANG_WARN_QUOTED_INCLUDE_IN_FRAMEWORK_HEADER = YES;
				CLANG_WARN_RANGE_LOOP_ANALYSIS = YES;
				CLANG_WARN_STRICT_PROTOTYPES = YES;
				CLANG_WARN_SUSPICIOUS_MOVE = YES;
				CLANG_WARN_UNGUARDED_AVAILABILITY = YES_AGGRESSIVE;
				CLANG_WARN_UNREACHABLE_CODE = YES;
				CLANG_WARN__DUPLICATE_METHOD_MATCH = YES;
				COPY_PHASE_STRIP = NO;
				DEBUG_INFORMATION_FORMAT = "dwarf-with-dsym";
				ENABLE_NS_ASSERTIONS = NO;
				ENABLE_STRICT_OBJC_MSGSEND = YES;
				ENABLE_USER_SCRIPT_SANDBOXING = YES;
				GCC_C_LANGUAGE_STANDARD = gnu17;
				GCC_NO_COMMON_BLOCKS = YES;
				GCC_WARN_64_TO_32_BIT_CONVERSION = YES;
				GCC_WARN_ABOUT_RETURN_TYPE = YES_ERROR;
				GCC_WARN_UNDECLARED_SELECTOR = YES;
				GCC_WARN_UNINITIALIZED_AUTOS = YES_AGGRESSIVE;
				GCC_WARN_UNUSED_FUNCTION = YES;
				GCC_WARN_UNUSED_VARIABLE = YES;
				IPHONEOS_DEPLOYMENT_TARGET = 17.4;
				LOCALIZATION_PREFERS_STRING_CATALOGS = YES;
				MTL_ENABLE_DEBUG_INFO = NO;
				MTL_FAST_MATH = YES;
				SDKROOT = iphoneos;
				SWIFT_COMPILATION_MODE = wholemodule;
				VALIDATE_PRODUCT = YES;
			};
			name = Release;
		};
		63D6305B2C417BF700AD83F2 /* Debug */ = {
			isa = XCBuildConfiguration;
			baseConfigurationReference = CCD7033515E9DE2E559FE658 /* Pods-PurchaceApp.debug.xcconfig */;
			buildSettings = {
				ASSETCATALOG_COMPILER_APPICON_NAME = AppIcon;
				ASSETCATALOG_COMPILER_GLOBAL_ACCENT_COLOR_NAME = AccentColor;
				CODE_SIGN_STYLE = Automatic;
				CURRENT_PROJECT_VERSION = 1;
				DEVELOPMENT_TEAM = 43JJRWSTM6;
				ENABLE_USER_SCRIPT_SANDBOXING = NO;
				GENERATE_INFOPLIST_FILE = YES;
				INFOPLIST_FILE = PurchaceApp/Info.plist;
				INFOPLIST_KEY_UIApplicationSupportsIndirectInputEvents = YES;
				INFOPLIST_KEY_UILaunchStoryboardName = LaunchScreen;
				INFOPLIST_KEY_UIMainStoryboardFile = Main;
				INFOPLIST_KEY_UISupportedInterfaceOrientations_iPad = "UIInterfaceOrientationPortrait UIInterfaceOrientationPortraitUpsideDown UIInterfaceOrientationLandscapeLeft UIInterfaceOrientationLandscapeRight";
				INFOPLIST_KEY_UISupportedInterfaceOrientations_iPhone = "UIInterfaceOrientationPortrait UIInterfaceOrientationLandscapeLeft UIInterfaceOrientationLandscapeRight";
				LD_RUNPATH_SEARCH_PATHS = (
					"$(inherited)",
					"@executable_path/Frameworks",
				);
				MARKETING_VERSION = 1.0;
				PRODUCT_BUNDLE_IDENTIFIER = IvanPashchenko.PurchaceApp;
				PRODUCT_NAME = "$(TARGET_NAME)";
				SWIFT_EMIT_LOC_STRINGS = YES;
				SWIFT_VERSION = 5.0;
				TARGETED_DEVICE_FAMILY = "1,2";
			};
			name = Debug;
		};
		63D6305C2C417BF700AD83F2 /* Release */ = {
			isa = XCBuildConfiguration;
			baseConfigurationReference = 8B7F3F744FF830907C9CB394 /* Pods-PurchaceApp.release.xcconfig */;
			buildSettings = {
				ASSETCATALOG_COMPILER_APPICON_NAME = AppIcon;
				ASSETCATALOG_COMPILER_GLOBAL_ACCENT_COLOR_NAME = AccentColor;
				CODE_SIGN_STYLE = Automatic;
				CURRENT_PROJECT_VERSION = 1;
				DEVELOPMENT_TEAM = 43JJRWSTM6;
				ENABLE_USER_SCRIPT_SANDBOXING = NO;
				GENERATE_INFOPLIST_FILE = YES;
				INFOPLIST_FILE = PurchaceApp/Info.plist;
				INFOPLIST_KEY_UIApplicationSupportsIndirectInputEvents = YES;
				INFOPLIST_KEY_UILaunchStoryboardName = LaunchScreen;
				INFOPLIST_KEY_UIMainStoryboardFile = Main;
				INFOPLIST_KEY_UISupportedInterfaceOrientations_iPad = "UIInterfaceOrientationPortrait UIInterfaceOrientationPortraitUpsideDown UIInterfaceOrientationLandscapeLeft UIInterfaceOrientationLandscapeRight";
				INFOPLIST_KEY_UISupportedInterfaceOrientations_iPhone = "UIInterfaceOrientationPortrait UIInterfaceOrientationLandscapeLeft UIInterfaceOrientationLandscapeRight";
				LD_RUNPATH_SEARCH_PATHS = (
					"$(inherited)",
					"@executable_path/Frameworks",
				);
				MARKETING_VERSION = 1.0;
				PRODUCT_BUNDLE_IDENTIFIER = IvanPashchenko.PurchaceApp;
				PRODUCT_NAME = "$(TARGET_NAME)";
				SWIFT_EMIT_LOC_STRINGS = YES;
				SWIFT_VERSION = 5.0;
				TARGETED_DEVICE_FAMILY = "1,2";
			};
			name = Release;
		};
/* End XCBuildConfiguration section */

/* Begin XCConfigurationList section */
		63D630412C417BF600AD83F2 /* Build configuration list for PBXProject "PurchaceApp" */ = {
			isa = XCConfigurationList;
			buildConfigurations = (
				63D630582C417BF700AD83F2 /* Debug */,
				63D630592C417BF700AD83F2 /* Release */,
			);
			defaultConfigurationIsVisible = 0;
			defaultConfigurationName = Release;
		};
		63D6305A2C417BF700AD83F2 /* Build configuration list for PBXNativeTarget "PurchaceApp" */ = {
			isa = XCConfigurationList;
			buildConfigurations = (
				63D6305B2C417BF700AD83F2 /* Debug */,
				63D6305C2C417BF700AD83F2 /* Release */,
			);
			defaultConfigurationIsVisible = 0;
			defaultConfigurationName = Release;
		};
/* End XCConfigurationList section */
	};
	rootObject = 63D6303E2C417BF600AD83F2 /* Project object */;
}
